
Microsoft Visual Studio Solution File, Format Version 12.00
# Visual Studio Version 17
VisualStudioVersion = 17.8.34330.188
MinimumVisualStudioVersion = 10.0.40219.1
Project("{9A19103F-16F7-4668-BE54-9A1E7A4F7556}") = "InnoCode", "InnoCode\InnoCode.csproj", "{CB5BBA0A-64DB-4FD1-8F9C-C943C29AE25E}"
EndProject
Global
	GlobalSection(SolutionConfigurationPlatforms) = preSolution
		Debug|Any CPU = Debug|Any CPU
		Release|Any CPU = Release|Any CPU
	EndGlobalSection
	GlobalSection(ProjectConfigurationPlatforms) = postSolution
		{CB5BBA0A-64DB-4FD1-8F9C-C943C29AE25E}.Debug|Any CPU.ActiveCfg = Debug|Any CPU
		{CB5BBA0A-64DB-4FD1-8F9C-C943C29AE25E}.Debug|Any CPU.Build.0 = Debug|Any CPU
		{CB5BBA0A-64DB-4FD1-8F9C-C943C29AE25E}.Release|Any CPU.ActiveCfg = Release|Any CPU
		{CB5BBA0A-64DB-4FD1-8F9C-C943C29AE25E}.Release|Any CPU.Build.0 = Release|Any CPU
	EndGlobalSection
	GlobalSection(SolutionProperties) = preSolution
		HideSolutionNode = FALSE
	EndGlobalSection
	GlobalSection(ExtensibilityGlobals) = postSolution
		SolutionGuid = {EE11FB04-8B2A-4A6A-BAC0-40655F740188}
	EndGlobalSection
EndGlobal
